
Microsoft Visual Studio Solution File, Format Version 12.00
Project("{FAE04EC0-301F-11D3-BF4B-00C04F79EFBC}") = "HotCode.System", "HotCode.System\HotCode.System.csproj", "{A07AE8B8-EAA0-456D-94A7-D2D6E2A9652C}"
EndProject
Global
	GlobalSection(SolutionConfigurationPlatforms) = preSolution
		Debug|Any CPU = Debug|Any CPU
		Release|Any CPU = Release|Any CPU
	EndGlobalSection
	GlobalSection(ProjectConfigurationPlatforms) = postSolution
		{A07AE8B8-EAA0-456D-94A7-D2D6E2A9652C}.Debug|Any CPU.ActiveCfg = Debug|Any CPU
		{A07AE8B8-EAA0-456D-94A7-D2D6E2A9652C}.Debug|Any CPU.Build.0 = Debug|Any CPU
		{A07AE8B8-EAA0-456D-94A7-D2D6E2A9652C}.Release|Any CPU.ActiveCfg = Release|Any CPU
		{A07AE8B8-EAA0-456D-94A7-D2D6E2A9652C}.Release|Any CPU.Build.0 = Release|Any CPU
	EndGlobalSection
EndGlobal
